
Microsoft Visual Studio Solution File, Format Version 12.00
# Visual Studio Version 17
VisualStudioVersion = 17.1.32414.318
MinimumVisualStudioVersion = 10.0.40219.1
Project("{FAE04EC0-301F-11D3-BF4B-00C04F79EFBC}") = "PruebaTecnica", "PruebaTecnica.csproj", "{A083BF20-AE7F-433F-ABC9-7FA08A8B53CA}"
EndProject
Global
	GlobalSection(SolutionConfigurationPlatforms) = preSolution
		Debug|Any CPU = Debug|Any CPU
		Release|Any CPU = Release|Any CPU
	EndGlobalSection
	GlobalSection(ProjectConfigurationPlatforms) = postSolution
		{A083BF20-AE7F-433F-ABC9-7FA08A8B53CA}.Debug|Any CPU.ActiveCfg = Debug|Any CPU
		{A083BF20-AE7F-433F-ABC9-7FA08A8B53CA}.Debug|Any CPU.Build.0 = Debug|Any CPU
		{A083BF20-AE7F-433F-ABC9-7FA08A8B53CA}.Release|Any CPU.ActiveCfg = Release|Any CPU
		{A083BF20-AE7F-433F-ABC9-7FA08A8B53CA}.Release|Any CPU.Build.0 = Release|Any CPU
	EndGlobalSection
	GlobalSection(SolutionProperties) = preSolution
		HideSolutionNode = FALSE
	EndGlobalSection
	GlobalSection(ExtensibilityGlobals) = postSolution
		SolutionGuid = {E04DD304-E217-48C3-915D-9B0F1742BE75}
	EndGlobalSection
EndGlobal
